# THIS IS AN AUTOGENERATED FILE. DO NOT EDIT THIS FILE DIRECTLY.
# yarn lockfile v1


"@types/three@^0.138.0":
  version "0.138.0"
  resolved "https://registry.yarnpkg.com/@types/three/-/three-0.138.0.tgz#ec9f1d1fd8dffea2e0572f9d815ff5a35cf4dc6b"
  integrity sha512-D8AoV7h2kbCfrv/DcebHOFh1WDwyus3HdooBkAwcBikXArdqnsQ38PQ85JCunnvun160oA9jz53GszF3zch3tg==
